// !$*UTF8*$!
{
	archiveVersion = 1;
	classes = {
	};
	objectVersion = 50;
	objects = {

/* Begin PBXBuildFile section */
		609A7791261ADEA300DB6789 /* AppDelegate.swift in Sources */ = {isa = PBXBuildFile; fileRef = 609A7790261ADEA300DB6789 /* AppDelegate.swift */; };
		609A7793261ADEA300DB6789 /* SceneDelegate.swift in Sources */ = {isa = PBXBuildFile; fileRef = 609A7792261ADEA300DB6789 /* SceneDelegate.swift */; };
		609A7795261ADEA300DB6789 /* ContentView.swift in Sources */ = {isa = PBXBuildFile; fileRef = 609A7794261ADEA300DB6789 /* ContentView.swift */; };
		609A7797261ADEA600DB6789 /* Assets.xcassets in Resources */ = {isa = PBXBuildFile; fileRef = 609A7796261ADEA600DB6789 /* Assets.xcassets */; };
		609A779A261ADEA600DB6789 /* Preview Assets.xcassets in Resources */ = {isa = PBXBuildFile; fileRef = 609A7799261ADEA600DB6789 /* Preview Assets.xcassets */; };
		609A779D261ADEA600DB6789 /* LaunchScreen.storyboard in Resources */ = {isa = PBXBuildFile; fileRef = 609A779B261ADEA600DB6789 /* LaunchScreen.storyboard */; };
		609A77A6261ADECD00DB6789 /* MovieModel.swift in Sources */ = {isa = PBXBuildFile; fileRef = 609A77A5261ADECD00DB6789 /* MovieModel.swift */; };
		609A77AB261AE11500DB6789 /* Heart.swift in Sources */ = {isa = PBXBuildFile; fileRef = 609A77AA261AE11500DB6789 /* Heart.swift */; };
		609A77AE261AE31C00DB6789 /* Row.swift in Sources */ = {isa = PBXBuildFile; fileRef = 609A77AD261AE31C00DB6789 /* Row.swift */; };
		609A77B1261AE48800DB6789 /* Movies.json in Resources */ = {isa = PBXBuildFile; fileRef = 609A77B0261AE48800DB6789 /* Movies.json */; };
		609A77B4261AE50700DB6789 /* TestData.swift in Sources */ = {isa = PBXBuildFile; fileRef = 609A77B3261AE50700DB6789 /* TestData.swift */; };
		609A77B7261AE73600DB6789 /* DetailsView.swift in Sources */ = {isa = PBXBuildFile; fileRef = 609A77B6261AE73600DB6789 /* DetailsView.swift */; };
		609A77BA261AED9200DB6789 /* MoviesView.swift in Sources */ = {isa = PBXBuildFile; fileRef = 609A77B9261AED9200DB6789 /* MoviesView.swift */; };
		609A77BE261AF49B00DB6789 /* MainView.swift in Sources */ = {isa = PBXBuildFile; fileRef = 609A77BD261AF49B00DB6789 /* MainView.swift */; };
		60A02605261B2A69001E2374 /* Modifier.swift in Sources */ = {isa = PBXBuildFile; fileRef = 60A02604261B2A69001E2374 /* Modifier.swift */; };
/* End PBXBuildFile section */

/* Begin PBXFileReference section */
		609A778D261ADEA300DB6789 /* UserInterfaceDemo.app */ = {isa = PBXFileReference; explicitFileType = wrapper.application; includeInIndex = 0; path = UserInterfaceDemo.app; sourceTree = BUILT_PRODUCTS_DIR; };
		609A7790261ADEA300DB6789 /* AppDelegate.swift */ = {isa = PBXFileReference; lastKnownFileType = sourcecode.swift; path = AppDelegate.swift; sourceTree = "<group>"; };
		609A7792261ADEA300DB6789 /* SceneDelegate.swift */ = {isa = PBXFileReference; lastKnownFileType = sourcecode.swift; path = SceneDelegate.swift; sourceTree = "<group>"; };
		609A7794261ADEA300DB6789 /* ContentView.swift */ = {isa = PBXFileReference; lastKnownFileType = sourcecode.swift; path = ContentView.swift; sourceTree = "<group>"; };
		609A7796261ADEA600DB6789 /* Assets.xcassets */ = {isa = PBXFileReference; lastKnownFileType = folder.assetcatalog; path = Assets.xcassets; sourceTree = "<group>"; };
		609A7799261ADEA600DB6789 /* Preview Assets.xcassets */ = {isa = PBXFileReference; lastKnownFileType = folder.assetcatalog; path = "Preview Assets.xcassets"; sourceTree = "<group>"; };
		609A779C261ADEA600DB6789 /* Base */ = {isa = PBXFileReference; lastKnownFileType = file.storyboard; name = Base; path = Base.lproj/LaunchScreen.storyboard; sourceTree = "<group>"; };
		609A779E261ADEA600DB6789 /* Info.plist */ = {isa = PBXFileReference; lastKnownFileType = text.plist.xml; path = Info.plist; sourceTree = "<group>"; };
		609A77A5261ADECD00DB6789 /* MovieModel.swift */ = {isa = PBXFileReference; lastKnownFileType = sourcecode.swift; path = MovieModel.swift; sourceTree = "<group>"; };
		609A77AA261AE11500DB6789 /* Heart.swift */ = {isa = PBXFileReference; lastKnownFileType = sourcecode.swift; path = Heart.swift; sourceTree = "<group>"; };
		609A77AD261AE31C00DB6789 /* Row.swift */ = {isa = PBXFileReference; lastKnownFileType = sourcecode.swift; path = Row.swift; sourceTree = "<group>"; };
		609A77B0261AE48800DB6789 /* Movies.json */ = {isa = PBXFileReference; fileEncoding = 4; lastKnownFileType = text.json; path = Movies.json; sourceTree = "<group>"; };
		609A77B3261AE50700DB6789 /* TestData.swift */ = {isa = PBXFileReference; lastKnownFileType = sourcecode.swift; path = TestData.swift; sourceTree = "<group>"; };
		609A77B6261AE73600DB6789 /* DetailsView.swift */ = {isa = PBXFileReference; lastKnownFileType = sourcecode.swift; path = DetailsView.swift; sourceTree = "<group>"; };
		609A77B9261AED9200DB6789 /* MoviesView.swift */ = {isa = PBXFileReference; lastKnownFileType = sourcecode.swift; path = MoviesView.swift; sourceTree = "<group>"; };
		609A77BD261AF49B00DB6789 /* MainView.swift */ = {isa = PBXFileReference; lastKnownFileType = sourcecode.swift; path = MainView.swift; sourceTree = "<group>"; };
		60A02604261B2A69001E2374 /* Modifier.swift */ = {isa = PBXFileReference; lastKnownFileType = sourcecode.swift; path = Modifier.swift; sourceTree = "<group>"; };
/* End PBXFileReference section */

/* Begin PBXFrameworksBuildPhase section */
		609A778A261ADEA300DB6789 /* Frameworks */ = {
			isa = PBXFrameworksBuildPhase;
			buildActionMask = 2147483647;
			files = (
			);
			runOnlyForDeploymentPostprocessing = 0;
		};
/* End PBXFrameworksBuildPhase section */

/* Begin PBXGroup section */
		609A7784261ADEA300DB6789 = {
			isa = PBXGroup;
			children = (
				609A778F261ADEA300DB6789 /* UserInterfaceDemo */,
				609A778E261ADEA300DB6789 /* Products */,
			);
			sourceTree = "<group>";
		};
		609A778E261ADEA300DB6789 /* Products */ = {
			isa = PBXGroup;
			children = (
				609A778D261ADEA300DB6789 /* UserInterfaceDemo.app */,
			);
			name = Products;
			sourceTree = "<group>";
		};
		609A778F261ADEA300DB6789 /* UserInterfaceDemo */ = {
			isa = PBXGroup;
			children = (
				60A02603261B2A4F001E2374 /* Helper */,
				609A77A9261AE0E900DB6789 /* View */,
				609A77A8261AE0DB00DB6789 /* Model */,
				609A7790261ADEA300DB6789 /* AppDelegate.swift */,
				609A7792261ADEA300DB6789 /* SceneDelegate.swift */,
				609A7794261ADEA300DB6789 /* ContentView.swift */,
				609A77B0261AE48800DB6789 /* Movies.json */,
				609A7796261ADEA600DB6789 /* Assets.xcassets */,
				609A779B261ADEA600DB6789 /* LaunchScreen.storyboard */,
				609A779E261ADEA600DB6789 /* Info.plist */,
				609A7798261ADEA600DB6789 /* Preview Content */,
				609A77B3261AE50700DB6789 /* TestData.swift */,
			);
			path = UserInterfaceDemo;
			sourceTree = "<group>";
		};
		609A7798261ADEA600DB6789 /* Preview Content */ = {
			isa = PBXGroup;
			children = (
				609A7799261ADEA600DB6789 /* Preview Assets.xcassets */,
			);
			path = "Preview Content";
			sourceTree = "<group>";
		};
		609A77A8261AE0DB00DB6789 /* Model */ = {
			isa = PBXGroup;
			children = (
				609A77A5261ADECD00DB6789 /* MovieModel.swift */,
			);
			path = Model;
			sourceTree = "<group>";
		};
		609A77A9261AE0E900DB6789 /* View */ = {
			isa = PBXGroup;
			children = (
				609A77AA261AE11500DB6789 /* Heart.swift */,
				609A77AD261AE31C00DB6789 /* Row.swift */,
				609A77B6261AE73600DB6789 /* DetailsView.swift */,
				609A77B9261AED9200DB6789 /* MoviesView.swift */,
				609A77BD261AF49B00DB6789 /* MainView.swift */,
			);
			path = View;
			sourceTree = "<group>";
		};
		60A02603261B2A4F001E2374 /* Helper */ = {
			isa = PBXGroup;
			children = (
				60A02604261B2A69001E2374 /* Modifier.swift */,
			);
			path = Helper;
			sourceTree = "<group>";
		};
/* End PBXGroup section */

/* Begin PBXNativeTarget section */
		609A778C261ADEA300DB6789 /* UserInterfaceDemo */ = {
			isa = PBXNativeTarget;
			buildConfigurationList = 609A77A1261ADEA600DB6789 /* Build configuration list for PBXNativeTarget "UserInterfaceDemo" */;
			buildPhases = (
				609A7789261ADEA300DB6789 /* Sources */,
				609A778A261ADEA300DB6789 /* Frameworks */,
				609A778B261ADEA300DB6789 /* Resources */,
			);
			buildRules = (
			);
			dependencies = (
			);
			name = UserInterfaceDemo;
			productName = UserInterfaceDemo;
			productReference = 609A778D261ADEA300DB6789 /* UserInterfaceDemo.app */;
			productType = "com.apple.product-type.application";
		};
/* End PBXNativeTarget section */

/* Begin PBXProject section */
		609A7785261ADEA300DB6789 /* Project object */ = {
			isa = PBXProject;
			attributes = {
				LastSwiftUpdateCheck = 1210;
				LastUpgradeCheck = 1210;
				TargetAttributes = {
					609A778C261ADEA300DB6789 = {
						CreatedOnToolsVersion = 12.1;
					};
				};
			};
			buildConfigurationList = 609A7788261ADEA300DB6789 /* Build configuration list for PBXProject "UserInterfaceDemo" */;
			compatibilityVersion = "Xcode 9.3";
			developmentRegion = en;
			hasScannedForEncodings = 0;
			knownRegions = (
				en,
				Base,
			);
			mainGroup = 609A7784261ADEA300DB6789;
			productRefGroup = 609A778E261ADEA300DB6789 /* Products */;
			projectDirPath = "";
			projectRoot = "";
			targets = (
				609A778C261ADEA300DB6789 /* UserInterfaceDemo */,
			);
		};
/* End PBXProject section */

/* Begin PBXResourcesBuildPhase section */
		609A778B261ADEA300DB6789 /* Resources */ = {
			isa = PBXResourcesBuildPhase;
			buildActionMask = 2147483647;
			files = (
				609A779D261ADEA600DB6789 /* LaunchScreen.storyboard in Resources */,
				609A779A261ADEA600DB6789 /* Preview Assets.xcassets in Resources */,
				609A77B1261AE48800DB6789 /* Movies.json in Resources */,
				609A7797261ADEA600DB6789 /* Assets.xcassets in Resources */,
			);
			runOnlyForDeploymentPostprocessing = 0;
		};
/* End PBXResourcesBuildPhase section */

/* Begin PBXSourcesBuildPhase section */
		609A7789261ADEA300DB6789 /* Sources */ = {
			isa = PBXSourcesBuildPhase;
			buildActionMask = 2147483647;
			files = (
				609A77A6261ADECD00DB6789 /* MovieModel.swift in Sources */,
				609A7791261ADEA300DB6789 /* AppDelegate.swift in Sources */,
				609A77AB261AE11500DB6789 /* Heart.swift in Sources */,
				609A77BE261AF49B00DB6789 /* MainView.swift in Sources */,
				609A7793261ADEA300DB6789 /* SceneDelegate.swift in Sources */,
				609A77AE261AE31C00DB6789 /* Row.swift in Sources */,
				609A77B7261AE73600DB6789 /* DetailsView.swift in Sources */,
				60A02605261B2A69001E2374 /* Modifier.swift in Sources */,
				609A77B4261AE50700DB6789 /* TestData.swift in Sources */,
				609A77BA261AED9200DB6789 /* MoviesView.swift in Sources */,
				609A7795261ADEA300DB6789 /* ContentView.swift in Sources */,
			);
			runOnlyForDeploymentPostprocessing = 0;
		};
/* End PBXSourcesBuildPhase section */

/* Begin PBXVariantGroup section */
		609A779B261ADEA600DB6789 /* LaunchScreen.storyboard */ = {
			isa = PBXVariantGroup;
			children = (
				609A779C261ADEA600DB6789 /* Base */,
			);
			name = LaunchScreen.storyboard;
			sourceTree = "<group>";
		};
/* End PBXVariantGroup section */

/* Begin XCBuildConfiguration section */
		609A779F261ADEA600DB6789 /* Debug */ = {
			isa = XCBuildConfiguration;
			buildSettings = {
				ALWAYS_SEARCH_USER_PATHS = NO;
				CLANG_ANALYZER_NONNULL = YES;
				CLANG_ANALYZER_NUMBER_OBJECT_CONVERSION = YES_AGGRESSIVE;
				CLANG_CXX_LANGUAGE_STANDARD = "gnu++14";
				CLANG_CXX_LIBRARY = "libc++";
				CLANG_ENABLE_MODULES = YES;
				CLANG_ENABLE_OBJC_ARC = YES;
				CLANG_ENABLE_OBJC_WEAK = YES;
				CLANG_WARN_BLOCK_CAPTURE_AUTORELEASING = YES;
				CLANG_WARN_BOOL_CONVERSION = YES;
				CLANG_WARN_COMMA = YES;
				CLANG_WARN_CONSTANT_CONVERSION = YES;
				CLANG_WARN_DEPRECATED_OBJC_IMPLEMENTATIONS = YES;
				CLANG_WARN_DIRECT_OBJC_ISA_USAGE = YES_ERROR;
				CLANG_WARN_DOCUMENTATION_COMMENTS = YES;
				CLANG_WARN_EMPTY_BODY = YES;
				CLANG_WARN_ENUM_CONVERSION = YES;
				CLANG_WARN_INFINITE_RECURSION = YES;
				CLANG_WARN_INT_CONVERSION = YES;
				CLANG_WARN_NON_LITERAL_NULL_CONVERSION = YES;
				CLANG_WARN_OBJC_IMPLICIT_RETAIN_SELF = YES;
				CLANG_WARN_OBJC_LITERAL_CONVERSION = YES;
				CLANG_WARN_OBJC_ROOT_CLASS = YES_ERROR;
				CLANG_WARN_QUOTED_INCLUDE_IN_FRAMEWORK_HEADER = YES;
				CLANG_WARN_RANGE_LOOP_ANALYSIS = YES;
				CLANG_WARN_STRICT_PROTOTYPES = YES;
				CLANG_WARN_SUSPICIOUS_MOVE = YES;
				CLANG_WARN_UNGUARDED_AVAILABILITY = YES_AGGRESSIVE;
				CLANG_WARN_UNREACHABLE_CODE = YES;
				CLANG_WARN__DUPLICATE_METHOD_MATCH = YES;
				COPY_PHASE_STRIP = NO;
				DEBUG_INFORMATION_FORMAT = dwarf;
				ENABLE_STRICT_OBJC_MSGSEND = YES;
				ENABLE_TESTABILITY = YES;
				GCC_C_LANGUAGE_STANDARD = gnu11;
				GCC_DYNAMIC_NO_PIC = NO;
				GCC_NO_COMMON_BLOCKS = YES;
				GCC_OPTIMIZATION_LEVEL = 0;
				GCC_PREPROCESSOR_DEFINITIONS = (
					"DEBUG=1",
					"$(inherited)",
				);
				GCC_WARN_64_TO_32_BIT_CONVERSION = YES;
				GCC_WARN_ABOUT_RETURN_TYPE = YES_ERROR;
				GCC_WARN_UNDECLARED_SELECTOR = YES;
				GCC_WARN_UNINITIALIZED_AUTOS = YES_AGGRESSIVE;
				GCC_WARN_UNUSED_FUNCTION = YES;
				GCC_WARN_UNUSED_VARIABLE = YES;
				IPHONEOS_DEPLOYMENT_TARGET = 14.1;
				MTL_ENABLE_DEBUG_INFO = INCLUDE_SOURCE;
				MTL_FAST_MATH = YES;
				ONLY_ACTIVE_ARCH = YES;
				SDKROOT = iphoneos;
				SWIFT_ACTIVE_COMPILATION_CONDITIONS = DEBUG;
				SWIFT_OPTIMIZATION_LEVEL = "-Onone";
			};
			name = Debug;
		};
		609A77A0261ADEA600DB6789 /* Release */ = {
			isa = XCBuildConfiguration;
			buildSettings = {
				ALWAYS_SEARCH_USER_PATHS = NO;
				CLANG_ANALYZER_NONNULL = YES;
				CLANG_ANALYZER_NUMBER_OBJECT_CONVERSION = YES_AGGRESSIVE;
				CLANG_CXX_LANGUAGE_STANDARD = "gnu++14";
				CLANG_CXX_LIBRARY = "libc++";
				CLANG_ENABLE_MODULES = YES;
				CLANG_ENABLE_OBJC_ARC = YES;
				CLANG_ENABLE_OBJC_WEAK = YES;
				CLANG_WARN_BLOCK_CAPTURE_AUTORELEASING = YES;
				CLANG_WARN_BOOL_CONVERSION = YES;
				CLANG_WARN_COMMA = YES;
				CLANG_WARN_CONSTANT_CONVERSION = YES;
				CLANG_WARN_DEPRECATED_OBJC_IMPLEMENTATIONS = YES;
				CLANG_WARN_DIRECT_OBJC_ISA_USAGE = YES_ERROR;
				CLANG_WARN_DOCUMENTATION_COMMENTS = YES;
				CLANG_WARN_EMPTY_BODY = YES;
				CLANG_WARN_ENUM_CONVERSION = YES;
				CLANG_WARN_INFINITE_RECURSION = YES;
				CLANG_WARN_INT_CONVERSION = YES;
				CLANG_WARN_NON_LITERAL_NULL_CONVERSION = YES;
				CLANG_WARN_OBJC_IMPLICIT_RETAIN_SELF = YES;
				CLANG_WARN_OBJC_LITERAL_CONVERSION = YES;
				CLANG_WARN_OBJC_ROOT_CLASS = YES_ERROR;
				CLANG_WARN_QUOTED_INCLUDE_IN_FRAMEWORK_HEADER = YES;
				CLANG_WARN_RANGE_LOOP_ANALYSIS = YES;
				CLANG_WARN_STRICT_PROTOTYPES = YES;
				CLANG_WARN_SUSPICIOUS_MOVE = YES;
				CLANG_WARN_UNGUARDED_AVAILABILITY = YES_AGGRESSIVE;
				CLANG_WARN_UNREACHABLE_CODE = YES;
				CLANG_WARN__DUPLICATE_METHOD_MATCH = YES;
				COPY_PHASE_STRIP = NO;
				DEBUG_INFORMATION_FORMAT = "dwarf-with-dsym";
				ENABLE_NS_ASSERTIONS = NO;
				ENABLE_STRICT_OBJC_MSGSEND = YES;
				GCC_C_LANGUAGE_STANDARD = gnu11;
				GCC_NO_COMMON_BLOCKS = YES;
				GCC_WARN_64_TO_32_BIT_CONVERSION = YES;
				GCC_WARN_ABOUT_RETURN_TYPE = YES_ERROR;
				GCC_WARN_UNDECLARED_SELECTOR = YES;
				GCC_WARN_UNINITIALIZED_AUTOS = YES_AGGRESSIVE;
				GCC_WARN_UNUSED_FUNCTION = YES;
				GCC_WARN_UNUSED_VARIABLE = YES;
				IPHONEOS_DEPLOYMENT_TARGET = 14.1;
				MTL_ENABLE_DEBUG_INFO = NO;
				MTL_FAST_MATH = YES;
				SDKROOT = iphoneos;
				SWIFT_COMPILATION_MODE = wholemodule;
				SWIFT_OPTIMIZATION_LEVEL = "-O";
				VALIDATE_PRODUCT = YES;
			};
			name = Release;
		};
		609A77A2261ADEA600DB6789 /* Debug */ = {
			isa = XCBuildConfiguration;
			buildSettings = {
				ASSETCATALOG_COMPILER_APPICON_NAME = AppIcon;
				ASSETCATALOG_COMPILER_GLOBAL_ACCENT_COLOR_NAME = AccentColor;
				CODE_SIGN_STYLE = Automatic;
				DEVELOPMENT_ASSET_PATHS = "\"UserInterfaceDemo/Preview Content\"";
				DEVELOPMENT_TEAM = DD73F8592Z;
				ENABLE_PREVIEWS = YES;
				INFOPLIST_FILE = UserInterfaceDemo/Info.plist;
				LD_RUNPATH_SEARCH_PATHS = (
					"$(inherited)",
					"@executable_path/Frameworks",
				);
				PRODUCT_BUNDLE_IDENTIFIER = knoxpo.UserInterfaceDemo;
				PRODUCT_NAME = "$(TARGET_NAME)";
				SWIFT_VERSION = 5.0;
				TARGETED_DEVICE_FAMILY = "1,2";
			};
			name = Debug;
		};
		609A77A3261ADEA600DB6789 /* Release */ = {
			isa = XCBuildConfiguration;
			buildSettings = {
				ASSETCATALOG_COMPILER_APPICON_NAME = AppIcon;
				ASSETCATALOG_COMPILER_GLOBAL_ACCENT_COLOR_NAME = AccentColor;
				CODE_SIGN_STYLE = Automatic;
				DEVELOPMENT_ASSET_PATHS = "\"UserInterfaceDemo/Preview Content\"";
				DEVELOPMENT_TEAM = DD73F8592Z;
				ENABLE_PREVIEWS = YES;
				INFOPLIST_FILE = UserInterfaceDemo/Info.plist;
				LD_RUNPATH_SEARCH_PATHS = (
					"$(inherited)",
					"@executable_path/Frameworks",
				);
				PRODUCT_BUNDLE_IDENTIFIER = knoxpo.UserInterfaceDemo;
				PRODUCT_NAME = "$(TARGET_NAME)";
				SWIFT_VERSION = 5.0;
				TARGETED_DEVICE_FAMILY = "1,2";
			};
			name = Release;
		};
/* End XCBuildConfiguration section */

/* Begin XCConfigurationList section */
		609A7788261ADEA300DB6789 /* Build configuration list for PBXProject "UserInterfaceDemo" */ = {
			isa = XCConfigurationList;
			buildConfigurations = (
				609A779F261ADEA600DB6789 /* Debug */,
				609A77A0261ADEA600DB6789 /* Release */,
			);
			defaultConfigurationIsVisible = 0;
			defaultConfigurationName = Release;
		};
		609A77A1261ADEA600DB6789 /* Build configuration list for PBXNativeTarget "UserInterfaceDemo" */ = {
			isa = XCConfigurationList;
			buildConfigurations = (
				609A77A2261ADEA600DB6789 /* Debug */,
				609A77A3261ADEA600DB6789 /* Release */,
			);
			defaultConfigurationIsVisible = 0;
			defaultConfigurationName = Release;
		};
/* End XCConfigurationList section */
	};
	rootObject = 609A7785261ADEA300DB6789 /* Project object */;
}
